// !$*UTF8*$!
{
	archiveVersion = 1;
	classes = {
	};
	objectVersion = 56;
	objects = {

/* Begin PBXBuildFile section */
		D06D32272A418DFA005F59B8 /* Whisper_Auto_CaptionsApp.swift in Sources */ = {isa = PBXBuildFile; fileRef = D06D32262A418DFA005F59B8 /* Whisper_Auto_CaptionsApp.swift */; };
		D06D32292A418DFA005F59B8 /* ContentView.swift in Sources */ = {isa = PBXBuildFile; fileRef = D06D32282A418DFA005F59B8 /* ContentView.swift */; };
		D06D322B2A418DFB005F59B8 /* Assets.xcassets in Resources */ = {isa = PBXBuildFile; fileRef = D06D322A2A418DFB005F59B8 /* Assets.xcassets */; };
		D06D322E2A418DFB005F59B8 /* Preview Assets.xcassets in Resources */ = {isa = PBXBuildFile; fileRef = D06D322D2A418DFB005F59B8 /* Preview Assets.xcassets */; };
		D0F287212A46D9B5006B8C16 /* fcpx-icon.png in Resources */ = {isa = PBXBuildFile; fileRef = D0F2871E2A46D9B5006B8C16 /* fcpx-icon.png */; };
		D0F287222A46D9B5006B8C16 /* ffmpeg in Resources */ = {isa = PBXBuildFile; fileRef = D0F2871F2A46D9B5006B8C16 /* ffmpeg */; };
		D0F8863B2A5085AB00394A77 /* main in Resources */ = {isa = PBXBuildFile; fileRef = D0F8863A2A5085AB00394A77 /* main */; };
/* End PBXBuildFile section */

/* Begin PBXFileReference section */
		D06D32232A418DFA005F59B8 /* Whisper Auto Captions.app */ = {isa = PBXFileReference; explicitFileType = wrapper.application; includeInIndex = 0; path = "Whisper Auto Captions.app"; sourceTree = BUILT_PRODUCTS_DIR; };
		D06D32262A418DFA005F59B8 /* Whisper_Auto_CaptionsApp.swift */ = {isa = PBXFileReference; lastKnownFileType = sourcecode.swift; path = Whisper_Auto_CaptionsApp.swift; sourceTree = "<group>"; };
		D06D32282A418DFA005F59B8 /* ContentView.swift */ = {isa = PBXFileReference; lastKnownFileType = sourcecode.swift; path = ContentView.swift; sourceTree = "<group>"; };
		D06D322A2A418DFB005F59B8 /* Assets.xcassets */ = {isa = PBXFileReference; lastKnownFileType = folder.assetcatalog; path = Assets.xcassets; sourceTree = "<group>"; };
		D06D322D2A418DFB005F59B8 /* Preview Assets.xcassets */ = {isa = PBXFileReference; lastKnownFileType = folder.assetcatalog; path = "Preview Assets.xcassets"; sourceTree = "<group>"; };
		D06D322F2A418DFB005F59B8 /* Whisper_Auto_Captions.entitlements */ = {isa = PBXFileReference; lastKnownFileType = text.plist.entitlements; path = Whisper_Auto_Captions.entitlements; sourceTree = "<group>"; };
		D0F2871E2A46D9B5006B8C16 /* fcpx-icon.png */ = {isa = PBXFileReference; lastKnownFileType = image.png; path = "fcpx-icon.png"; sourceTree = "<group>"; };
		D0F2871F2A46D9B5006B8C16 /* ffmpeg */ = {isa = PBXFileReference; lastKnownFileType = "compiled.mach-o.executable"; path = ffmpeg; sourceTree = "<group>"; };
		D0F8863A2A5085AB00394A77 /* main */ = {isa = PBXFileReference; lastKnownFileType = "compiled.mach-o.executable"; name = main; path = "../../../Downloads/whisper.cpp-master/main"; sourceTree = "<group>"; };
/* End PBXFileReference section */

/* Begin PBXFrameworksBuildPhase section */
		D06D32202A418DFA005F59B8 /* Frameworks */ = {
			isa = PBXFrameworksBuildPhase;
			buildActionMask = 2147483647;
			files = (
			);
			runOnlyForDeploymentPostprocessing = 0;
		};
/* End PBXFrameworksBuildPhase section */

/* Begin PBXGroup section */
		D06D321A2A418DFA005F59B8 = {
			isa = PBXGroup;
			children = (
				D06D32252A418DFA005F59B8 /* Whisper Auto Captions */,
				D06D32242A418DFA005F59B8 /* Products */,
			);
			sourceTree = "<group>";
		};
		D06D32242A418DFA005F59B8 /* Products */ = {
			isa = PBXGroup;
			children = (
				D06D32232A418DFA005F59B8 /* Whisper Auto Captions.app */,
			);
			name = Products;
			sourceTree = "<group>";
		};
		D06D32252A418DFA005F59B8 /* Whisper Auto Captions */ = {
			isa = PBXGroup;
			children = (
				D0F8863A2A5085AB00394A77 /* main */,
				D0F2871E2A46D9B5006B8C16 /* fcpx-icon.png */,
				D0F2871F2A46D9B5006B8C16 /* ffmpeg */,
				D06D32262A418DFA005F59B8 /* Whisper_Auto_CaptionsApp.swift */,
				D06D32282A418DFA005F59B8 /* ContentView.swift */,
				D06D322A2A418DFB005F59B8 /* Assets.xcassets */,
				D06D322F2A418DFB005F59B8 /* Whisper_Auto_Captions.entitlements */,
				D06D322C2A418DFB005F59B8 /* Preview Content */,
			);
			path = "Whisper Auto Captions";
			sourceTree = "<group>";
		};
		D06D322C2A418DFB005F59B8 /* Preview Content */ = {
			isa = PBXGroup;
			children = (
				D06D322D2A418DFB005F59B8 /* Preview Assets.xcassets */,
			);
			path = "Preview Content";
			sourceTree = "<group>";
		};
/* End PBXGroup section */

/* Begin PBXNativeTarget section */
		D06D32222A418DFA005F59B8 /* Whisper Auto Captions */ = {
			isa = PBXNativeTarget;
			buildConfigurationList = D06D32322A418DFB005F59B8 /* Build configuration list for PBXNativeTarget "Whisper Auto Captions" */;
			buildPhases = (
				D06D321F2A418DFA005F59B8 /* Sources */,
				D06D32202A418DFA005F59B8 /* Frameworks */,
				D06D32212A418DFA005F59B8 /* Resources */,
			);
			buildRules = (
			);
			dependencies = (
			);
			name = "Whisper Auto Captions";
			productName = "Whisper Auto Captions";
			productReference = D06D32232A418DFA005F59B8 /* Whisper Auto Captions.app */;
			productType = "com.apple.product-type.application";
		};
/* End PBXNativeTarget section */

/* Begin PBXProject section */
		D06D321B2A418DFA005F59B8 /* Project object */ = {
			isa = PBXProject;
			attributes = {
				BuildIndependentTargetsInParallel = 1;
				LastSwiftUpdateCheck = 1430;
				LastUpgradeCheck = 1430;
				TargetAttributes = {
					D06D32222A418DFA005F59B8 = {
						CreatedOnToolsVersion = 14.3;
					};
				};
			};
			buildConfigurationList = D06D321E2A418DFA005F59B8 /* Build configuration list for PBXProject "Whisper Auto Captions" */;
			compatibilityVersion = "Xcode 14.0";
			developmentRegion = en;
			hasScannedForEncodings = 0;
			knownRegions = (
				en,
				Base,
			);
			mainGroup = D06D321A2A418DFA005F59B8;
			productRefGroup = D06D32242A418DFA005F59B8 /* Products */;
			projectDirPath = "";
			projectRoot = "";
			targets = (
				D06D32222A418DFA005F59B8 /* Whisper Auto Captions */,
			);
		};
/* End PBXProject section */

/* Begin PBXResourcesBuildPhase section */
		D06D32212A418DFA005F59B8 /* Resources */ = {
			isa = PBXResourcesBuildPhase;
			buildActionMask = 2147483647;
			files = (
				D0F8863B2A5085AB00394A77 /* main in Resources */,
				D06D322E2A418DFB005F59B8 /* Preview Assets.xcassets in Resources */,
				D0F287212A46D9B5006B8C16 /* fcpx-icon.png in Resources */,
				D06D322B2A418DFB005F59B8 /* Assets.xcassets in Resources */,
				D0F287222A46D9B5006B8C16 /* ffmpeg in Resources */,
			);
			runOnlyForDeploymentPostprocessing = 0;
		};
/* End PBXResourcesBuildPhase section */

/* Begin PBXSourcesBuildPhase section */
		D06D321F2A418DFA005F59B8 /* Sources */ = {
			isa = PBXSourcesBuildPhase;
			buildActionMask = 2147483647;
			files = (
				D06D32292A418DFA005F59B8 /* ContentView.swift in Sources */,
				D06D32272A418DFA005F59B8 /* Whisper_Auto_CaptionsApp.swift in Sources */,
			);
			runOnlyForDeploymentPostprocessing = 0;
		};
/* End PBXSourcesBuildPhase section */

/* Begin XCBuildConfiguration section */
		D06D32302A418DFB005F59B8 /* Debug */ = {
			isa = XCBuildConfiguration;
			buildSettings = {
				ALWAYS_SEARCH_USER_PATHS = NO;
				CLANG_ANALYZER_NONNULL = YES;
				CLANG_ANALYZER_NUMBER_OBJECT_CONVERSION = YES_AGGRESSIVE;
				CLANG_CXX_LANGUAGE_STANDARD = "gnu++20";
				CLANG_ENABLE_MODULES = YES;
				CLANG_ENABLE_OBJC_ARC = YES;
				CLANG_ENABLE_OBJC_WEAK = YES;
				CLANG_WARN_BLOCK_CAPTURE_AUTORELEASING = YES;
				CLANG_WARN_BOOL_CONVERSION = YES;
				CLANG_WARN_COMMA = YES;
				CLANG_WARN_CONSTANT_CONVERSION = YES;
				CLANG_WARN_DEPRECATED_OBJC_IMPLEMENTATIONS = YES;
				CLANG_WARN_DIRECT_OBJC_ISA_USAGE = YES_ERROR;
				CLANG_WARN_DOCUMENTATION_COMMENTS = YES;
				CLANG_WARN_EMPTY_BODY = YES;
				CLANG_WARN_ENUM_CONVERSION = YES;
				CLANG_WARN_INFINITE_RECURSION = YES;
				CLANG_WARN_INT_CONVERSION = YES;
				CLANG_WARN_NON_LITERAL_NULL_CONVERSION = YES;
				CLANG_WARN_OBJC_IMPLICIT_RETAIN_SELF = YES;
				CLANG_WARN_OBJC_LITERAL_CONVERSION = YES;
				CLANG_WARN_OBJC_ROOT_CLASS = YES_ERROR;
				CLANG_WARN_QUOTED_INCLUDE_IN_FRAMEWORK_HEADER = YES;
				CLANG_WARN_RANGE_LOOP_ANALYSIS = YES;
				CLANG_WARN_STRICT_PROTOTYPES = YES;
				CLANG_WARN_SUSPICIOUS_MOVE = YES;
				CLANG_WARN_UNGUARDED_AVAILABILITY = YES_AGGRESSIVE;
				CLANG_WARN_UNREACHABLE_CODE = YES;
				CLANG_WARN__DUPLICATE_METHOD_MATCH = YES;
				COPY_PHASE_STRIP = NO;
				DEBUG_INFORMATION_FORMAT = dwarf;
				ENABLE_STRICT_OBJC_MSGSEND = YES;
				ENABLE_TESTABILITY = YES;
				ENABLE_USER_SELECTED_FILES = readonly;
				GCC_C_LANGUAGE_STANDARD = gnu11;
				GCC_DYNAMIC_NO_PIC = NO;
				GCC_NO_COMMON_BLOCKS = YES;
				GCC_OPTIMIZATION_LEVEL = 0;
				GCC_PREPROCESSOR_DEFINITIONS = (
					"DEBUG=1",
					"$(inherited)",
				);
				GCC_WARN_64_TO_32_BIT_CONVERSION = YES;
				GCC_WARN_ABOUT_RETURN_TYPE = YES_ERROR;
				GCC_WARN_UNDECLARED_SELECTOR = YES;
				GCC_WARN_UNINITIALIZED_AUTOS = YES_AGGRESSIVE;
				GCC_WARN_UNUSED_FUNCTION = YES;
				GCC_WARN_UNUSED_VARIABLE = YES;
				MACOSX_DEPLOYMENT_TARGET = 13.0;
				MTL_ENABLE_DEBUG_INFO = INCLUDE_SOURCE;
				MTL_FAST_MATH = YES;
				ONLY_ACTIVE_ARCH = YES;
				SDKROOT = macosx;
				SWIFT_ACTIVE_COMPILATION_CONDITIONS = DEBUG;
				SWIFT_OPTIMIZATION_LEVEL = "-Onone";
			};
			name = Debug;
		};
		D06D32312A418DFB005F59B8 /* Release */ = {
			isa = XCBuildConfiguration;
			buildSettings = {
				ALWAYS_SEARCH_USER_PATHS = NO;
				CLANG_ANALYZER_NONNULL = YES;
				CLANG_ANALYZER_NUMBER_OBJECT_CONVERSION = YES_AGGRESSIVE;
				CLANG_CXX_LANGUAGE_STANDARD = "gnu++20";
				CLANG_ENABLE_MODULES = YES;
				CLANG_ENABLE_OBJC_ARC = YES;
				CLANG_ENABLE_OBJC_WEAK = YES;
				CLANG_WARN_BLOCK_CAPTURE_AUTORELEASING = YES;
				CLANG_WARN_BOOL_CONVERSION = YES;
				CLANG_WARN_COMMA = YES;
				CLANG_WARN_CONSTANT_CONVERSION = YES;
				CLANG_WARN_DEPRECATED_OBJC_IMPLEMENTATIONS = YES;
				CLANG_WARN_DIRECT_OBJC_ISA_USAGE = YES_ERROR;
				CLANG_WARN_DOCUMENTATION_COMMENTS = YES;
				CLANG_WARN_EMPTY_BODY = YES;
				CLANG_WARN_ENUM_CONVERSION = YES;
				CLANG_WARN_INFINITE_RECURSION = YES;
				CLANG_WARN_INT_CONVERSION = YES;
				CLANG_WARN_NON_LITERAL_NULL_CONVERSION = YES;
				CLANG_WARN_OBJC_IMPLICIT_RETAIN_SELF = YES;
				CLANG_WARN_OBJC_LITERAL_CONVERSION = YES;
				CLANG_WARN_OBJC_ROOT_CLASS = YES_ERROR;
				CLANG_WARN_QUOTED_INCLUDE_IN_FRAMEWORK_HEADER = YES;
				CLANG_WARN_RANGE_LOOP_ANALYSIS = YES;
				CLANG_WARN_STRICT_PROTOTYPES = YES;
				CLANG_WARN_SUSPICIOUS_MOVE = YES;
				CLANG_WARN_UNGUARDED_AVAILABILITY = YES_AGGRESSIVE;
				CLANG_WARN_UNREACHABLE_CODE = YES;
				CLANG_WARN__DUPLICATE_METHOD_MATCH = YES;
				COPY_PHASE_STRIP = NO;
				DEBUG_INFORMATION_FORMAT = "dwarf-with-dsym";
				ENABLE_NS_ASSERTIONS = NO;
				ENABLE_STRICT_OBJC_MSGSEND = YES;
				ENABLE_USER_SELECTED_FILES = readonly;
				GCC_C_LANGUAGE_STANDARD = gnu11;
				GCC_NO_COMMON_BLOCKS = YES;
				GCC_WARN_64_TO_32_BIT_CONVERSION = YES;
				GCC_WARN_ABOUT_RETURN_TYPE = YES_ERROR;
				GCC_WARN_UNDECLARED_SELECTOR = YES;
				GCC_WARN_UNINITIALIZED_AUTOS = YES_AGGRESSIVE;
				GCC_WARN_UNUSED_FUNCTION = YES;
				GCC_WARN_UNUSED_VARIABLE = YES;
				MACOSX_DEPLOYMENT_TARGET = 13.0;
				MTL_ENABLE_DEBUG_INFO = NO;
				MTL_FAST_MATH = YES;
				SDKROOT = macosx;
				SWIFT_COMPILATION_MODE = wholemodule;
				SWIFT_OPTIMIZATION_LEVEL = "-O";
			};
			name = Release;
		};
		D06D32332A418DFB005F59B8 /* Debug */ = {
			isa = XCBuildConfiguration;
			buildSettings = {
				ASSETCATALOG_COMPILER_APPICON_NAME = AppIcon;
				ASSETCATALOG_COMPILER_GLOBAL_ACCENT_COLOR_NAME = AccentColor;
				CODE_SIGN_ENTITLEMENTS = "Whisper Auto Captions/Whisper_Auto_Captions.entitlements";
				CODE_SIGN_IDENTITY = "Apple Development";
				"CODE_SIGN_IDENTITY[sdk=macosx*]" = "Apple Development";
				CODE_SIGN_STYLE = Automatic;
				COMBINE_HIDPI_IMAGES = YES;
				CURRENT_PROJECT_VERSION = 1;
				DEVELOPMENT_ASSET_PATHS = "\"Whisper Auto Captions/Preview Content\"";
				DEVELOPMENT_TEAM = VFBY2CCN3N;
				ENABLE_PREVIEWS = YES;
				GENERATE_INFOPLIST_FILE = YES;
				INFOPLIST_KEY_NSHumanReadableCopyright = "";
				LD_RUNPATH_SEARCH_PATHS = (
					"$(inherited)",
					"@executable_path/../Frameworks",
				);
				MARKETING_VERSION = 1.0;
				PRODUCT_BUNDLE_IDENTIFIER = "shaishaicookie.Whisper-Auto-Captions";
				PRODUCT_NAME = "$(TARGET_NAME)";
				PROVISIONING_PROFILE_SPECIFIER = "";
				SWIFT_EMIT_LOC_STRINGS = YES;
				SWIFT_VERSION = 5.0;
			};
			name = Debug;
		};
		D06D32342A418DFB005F59B8 /* Release */ = {
			isa = XCBuildConfiguration;
			buildSettings = {
				ASSETCATALOG_COMPILER_APPICON_NAME = AppIcon;
				ASSETCATALOG_COMPILER_GLOBAL_ACCENT_COLOR_NAME = AccentColor;
				CODE_SIGN_ENTITLEMENTS = "Whisper Auto Captions/Whisper_Auto_Captions.entitlements";
				CODE_SIGN_IDENTITY = "Apple Development";
				"CODE_SIGN_IDENTITY[sdk=macosx*]" = "Apple Development";
				CODE_SIGN_STYLE = Automatic;
				COMBINE_HIDPI_IMAGES = YES;
				CURRENT_PROJECT_VERSION = 1;
				DEVELOPMENT_ASSET_PATHS = "\"Whisper Auto Captions/Preview Content\"";
				DEVELOPMENT_TEAM = VFBY2CCN3N;
				ENABLE_PREVIEWS = YES;
				GENERATE_INFOPLIST_FILE = YES;
				INFOPLIST_KEY_NSHumanReadableCopyright = "";
				LD_RUNPATH_SEARCH_PATHS = (
					"$(inherited)",
					"@executable_path/../Frameworks",
				);
				MARKETING_VERSION = 1.0;
				PRODUCT_BUNDLE_IDENTIFIER = "shaishaicookie.Whisper-Auto-Captions";
				PRODUCT_NAME = "$(TARGET_NAME)";
				PROVISIONING_PROFILE_SPECIFIER = "";
				SWIFT_EMIT_LOC_STRINGS = YES;
				SWIFT_VERSION = 5.0;
			};
			name = Release;
		};
/* End XCBuildConfiguration section */

/* Begin XCConfigurationList section */
		D06D321E2A418DFA005F59B8 /* Build configuration list for PBXProject "Whisper Auto Captions" */ = {
			isa = XCConfigurationList;
			buildConfigurations = (
				D06D32302A418DFB005F59B8 /* Debug */,
				D06D32312A418DFB005F59B8 /* Release */,
			);
			defaultConfigurationIsVisible = 0;
			defaultConfigurationName = Release;
		};
		D06D32322A418DFB005F59B8 /* Build configuration list for PBXNativeTarget "Whisper Auto Captions" */ = {
			isa = XCConfigurationList;
			buildConfigurations = (
				D06D32332A418DFB005F59B8 /* Debug */,
				D06D32342A418DFB005F59B8 /* Release */,
			);
			defaultConfigurationIsVisible = 0;
			defaultConfigurationName = Release;
		};
/* End XCConfigurationList section */
	};
	rootObject = D06D321B2A418DFA005F59B8 /* Project object */;
}
